
Microsoft Visual Studio Solution File, Format Version 12.00
# Visual Studio Version 16
VisualStudioVersion = 16.0.30804.86
MinimumVisualStudioVersion = 10.0.40219.1
Project("{FAE04EC0-301F-11D3-BF4B-00C04F79EFBC}") = "Dining Delight", "Dining Delight.csproj", "{5DE65099-C173-4A43-98CE-243B52166A24}"
EndProject
Global
	GlobalSection(SolutionConfigurationPlatforms) = preSolution
		Debug|Any CPU = Debug|Any CPU
		Release|Any CPU = Release|Any CPU
	EndGlobalSection
	GlobalSection(ProjectConfigurationPlatforms) = postSolution
		{5DE65099-C173-4A43-98CE-243B52166A24}.Debug|Any CPU.ActiveCfg = Release|Any CPU
		{5DE65099-C173-4A43-98CE-243B52166A24}.Debug|Any CPU.Build.0 = Release|Any CPU
		{5DE65099-C173-4A43-98CE-243B52166A24}.Release|Any CPU.ActiveCfg = Release|Any CPU
		{5DE65099-C173-4A43-98CE-243B52166A24}.Release|Any CPU.Build.0 = Release|Any CPU
	EndGlobalSection
	GlobalSection(SolutionProperties) = preSolution
		HideSolutionNode = FALSE
	EndGlobalSection
	GlobalSection(ExtensibilityGlobals) = postSolution
		SolutionGuid = {8E23BC1A-BDA3-476A-B8A3-2B6A84981096}
	EndGlobalSection
EndGlobal
